{
  "requires": true,
  "lockfileVersion": 1,
  "dependencies": {
    "jvc-palindrome": {
      "version": "0.1.0",
      "resolved": "https://registry.npmjs.org/jvc-palindrome/-/jvc-palindrome-0.1.0.tgz",
      "integrity": "sha512-sSXfvb4bMKtwZmNI5NObRK+rKCDM8lnZ+cDvjoM3WBItpyeetFv1eQRUE/NU4SOn2vs5sU8KMK+ybjJbbtHXeg=="
    }
  }
}
